
Microsoft Visual Studio Solution File, Format Version 12.00
# Visual Studio 15
VisualStudioVersion = 15.0.27703.2035
MinimumVisualStudioVersion = 10.0.40219.1
Project("{8BC9CEB8-8B4A-11D0-8D11-00A0C91BC942}") = "Motherboard", "Motherboard\Motherboard.vcxproj", "{11068B28-5912-4D0F-AAE7-1FF14FC2C057}"
EndProject
Project("{8BC9CEB8-8B4A-11D0-8D11-00A0C91BC942}") = "LCD", "LCD\LCD.vcxproj", "{C5F80730-F44F-4478-BDAE-6634EFC2CA88}"
EndProject
Project("{8BC9CEB8-8B4A-11D0-8D11-00A0C91BC942}") = "CANsimulator", "CANsimulator\CANsimulator.vcxproj", "{39013BEF-1D33-40B7-BD7F-C322C3E7B29A}"
EndProject
Project("{2150E333-8FDC-42A3-9474-1A3956D46DE8}") = "Solution Items", "Solution Items", "{08F6CC50-6485-495F-AB59-14337541002A}"
	ProjectSection(SolutionItems) = preProject
		ClassLibrary\CanListener.cpp = ClassLibrary\CanListener.cpp
		ClassLibrary\CanListener.h = ClassLibrary\CanListener.h
		ClassLibrary\Vehicle.cpp = ClassLibrary\Vehicle.cpp
		ClassLibrary\Vehicle.h = ClassLibrary\Vehicle.h
	EndProjectSection
EndProject
Project("{888888A0-9F3D-457C-B088-3A5042F75D52}") = "Telementry", "Telementry\Telementry.pyproj", "{3D9D586C-A37C-4C48-852F-97B48F9E599D}"
EndProject
Project("{2150E333-8FDC-42A3-9474-1A3956D46DE8}") = "Config", "Config", "{AC1AE64C-6700-4397-BCF6-7040D9F7159A}"
	ProjectSection(SolutionItems) = preProject
		ConfigFiles\Grafana_Test-dashboard.json = ConfigFiles\Grafana_Test-dashboard.json
		ConfigFiles\lpc4-ECUconfig.cud = ConfigFiles\lpc4-ECUconfig.cud
		ConfigFiles\XBee-PC.xpro = ConfigFiles\XBee-PC.xpro
		ConfigFiles\XBee-Vehicle.xpro = ConfigFiles\XBee-Vehicle.xpro
	EndProjectSection
EndProject
Global
	GlobalSection(SolutionConfigurationPlatforms) = preSolution
		Debug|Any CPU = Debug|Any CPU
		Debug|x86 = Debug|x86
		Release|Any CPU = Release|Any CPU
		Release|x86 = Release|x86
	EndGlobalSection
	GlobalSection(ProjectConfigurationPlatforms) = postSolution
		{11068B28-5912-4D0F-AAE7-1FF14FC2C057}.Debug|Any CPU.ActiveCfg = Debug|Win32
		{11068B28-5912-4D0F-AAE7-1FF14FC2C057}.Debug|x86.ActiveCfg = Debug|Win32
		{11068B28-5912-4D0F-AAE7-1FF14FC2C057}.Debug|x86.Build.0 = Debug|Win32
		{11068B28-5912-4D0F-AAE7-1FF14FC2C057}.Release|Any CPU.ActiveCfg = Release|Win32
		{11068B28-5912-4D0F-AAE7-1FF14FC2C057}.Release|x86.ActiveCfg = Release|Win32
		{11068B28-5912-4D0F-AAE7-1FF14FC2C057}.Release|x86.Build.0 = Release|Win32
		{C5F80730-F44F-4478-BDAE-6634EFC2CA88}.Debug|Any CPU.ActiveCfg = Debug|Win32
		{C5F80730-F44F-4478-BDAE-6634EFC2CA88}.Debug|x86.ActiveCfg = Debug|Win32
		{C5F80730-F44F-4478-BDAE-6634EFC2CA88}.Debug|x86.Build.0 = Debug|Win32
		{C5F80730-F44F-4478-BDAE-6634EFC2CA88}.Release|Any CPU.ActiveCfg = Release|Win32
		{C5F80730-F44F-4478-BDAE-6634EFC2CA88}.Release|x86.ActiveCfg = Release|Win32
		{C5F80730-F44F-4478-BDAE-6634EFC2CA88}.Release|x86.Build.0 = Release|Win32
		{39013BEF-1D33-40B7-BD7F-C322C3E7B29A}.Debug|Any CPU.ActiveCfg = Debug|Win32
		{39013BEF-1D33-40B7-BD7F-C322C3E7B29A}.Debug|x86.ActiveCfg = Debug|Win32
		{39013BEF-1D33-40B7-BD7F-C322C3E7B29A}.Debug|x86.Build.0 = Debug|Win32
		{39013BEF-1D33-40B7-BD7F-C322C3E7B29A}.Release|Any CPU.ActiveCfg = Release|Win32
		{39013BEF-1D33-40B7-BD7F-C322C3E7B29A}.Release|x86.ActiveCfg = Release|Win32
		{39013BEF-1D33-40B7-BD7F-C322C3E7B29A}.Release|x86.Build.0 = Release|Win32
		{3D9D586C-A37C-4C48-852F-97B48F9E599D}.Debug|Any CPU.ActiveCfg = Debug|Any CPU
		{3D9D586C-A37C-4C48-852F-97B48F9E599D}.Debug|x86.ActiveCfg = Debug|Any CPU
		{3D9D586C-A37C-4C48-852F-97B48F9E599D}.Release|Any CPU.ActiveCfg = Release|Any CPU
		{3D9D586C-A37C-4C48-852F-97B48F9E599D}.Release|x86.ActiveCfg = Release|Any CPU
	EndGlobalSection
	GlobalSection(SolutionProperties) = preSolution
		HideSolutionNode = FALSE
	EndGlobalSection
	GlobalSection(ExtensibilityGlobals) = postSolution
		SolutionGuid = {D847756C-DA16-4CFF-A1C0-DDA6E211F72B}
	EndGlobalSection
EndGlobal
