
Microsoft Visual Studio Solution File, Format Version 12.00
# Visual Studio 15
VisualStudioVersion = 15.0.27703.2035
MinimumVisualStudioVersion = 10.0.40219.1
Project("{888888A0-9F3D-457C-B088-3A5042F75D52}") = "Telementry", "Telementry.pyproj", "{3D9D586C-A37C-4C48-852F-97B48F9E599D}"
EndProject
Global
	GlobalSection(SolutionConfigurationPlatforms) = preSolution
		Debug|Any CPU = Debug|Any CPU
		Release|Any CPU = Release|Any CPU
	EndGlobalSection
	GlobalSection(ProjectConfigurationPlatforms) = postSolution
		{3D9D586C-A37C-4C48-852F-97B48F9E599D}.Debug|Any CPU.ActiveCfg = Debug|Any CPU
		{3D9D586C-A37C-4C48-852F-97B48F9E599D}.Release|Any CPU.ActiveCfg = Release|Any CPU
	EndGlobalSection
	GlobalSection(SolutionProperties) = preSolution
		HideSolutionNode = FALSE
	EndGlobalSection
	GlobalSection(ExtensibilityGlobals) = postSolution
		SolutionGuid = {D847756C-DA16-4CFF-A1C0-DDA6E211F72B}
	EndGlobalSection
EndGlobal
